// !$*UTF8*$!
{
	archiveVersion = 1;
	classes = {
	};
	objectVersion = 56;
	objects = {

/* Begin PBXBuildFile section */
		954493632B8D7F760094CF32 /* TodoTrackrApp.swift in Sources */ = {isa = PBXBuildFile; fileRef = 954493622B8D7F760094CF32 /* TodoTrackrApp.swift */; };
		954493652B8D7F760094CF32 /* MainView.swift in Sources */ = {isa = PBXBuildFile; fileRef = 954493642B8D7F760094CF32 /* MainView.swift */; };
		954493672B8D7F770094CF32 /* Assets.xcassets in Resources */ = {isa = PBXBuildFile; fileRef = 954493662B8D7F770094CF32 /* Assets.xcassets */; };
		9544936A2B8D7F770094CF32 /* Preview Assets.xcassets in Resources */ = {isa = PBXBuildFile; fileRef = 954493692B8D7F770094CF32 /* Preview Assets.xcassets */; };
		954493712B8D7FA50094CF32 /* TodoView.swift in Sources */ = {isa = PBXBuildFile; fileRef = 954493702B8D7FA50094CF32 /* TodoView.swift */; };
		954493732B8D7FB70094CF32 /* DataManager.swift in Sources */ = {isa = PBXBuildFile; fileRef = 954493722B8D7FB70094CF32 /* DataManager.swift */; };
		954493752B8D7FC60094CF32 /* NewTodoView.swift in Sources */ = {isa = PBXBuildFile; fileRef = 954493742B8D7FC60094CF32 /* NewTodoView.swift */; };
		954493772B8D7FD80094CF32 /* NewCategorieView.swift in Sources */ = {isa = PBXBuildFile; fileRef = 954493762B8D7FD80094CF32 /* NewCategorieView.swift */; };
		954493792B8D7FE80094CF32 /* Extensions.swift in Sources */ = {isa = PBXBuildFile; fileRef = 954493782B8D7FE80094CF32 /* Extensions.swift */; };
		9544937B2B8D7FF90094CF32 /* EditTodoView.swift in Sources */ = {isa = PBXBuildFile; fileRef = 9544937A2B8D7FF90094CF32 /* EditTodoView.swift */; };
		9544937E2B8D80350094CF32 /* Model.xcdatamodeld in Sources */ = {isa = PBXBuildFile; fileRef = 9544937C2B8D80350094CF32 /* Model.xcdatamodeld */; };
		954493802B8D81760094CF32 /* README.md in Resources */ = {isa = PBXBuildFile; fileRef = 9544937F2B8D81760094CF32 /* README.md */; };
/* End PBXBuildFile section */

/* Begin PBXFileReference section */
		9544935F2B8D7F760094CF32 /* TodoTrackr.app */ = {isa = PBXFileReference; explicitFileType = wrapper.application; includeInIndex = 0; path = TodoTrackr.app; sourceTree = BUILT_PRODUCTS_DIR; };
		954493622B8D7F760094CF32 /* TodoTrackrApp.swift */ = {isa = PBXFileReference; lastKnownFileType = sourcecode.swift; path = TodoTrackrApp.swift; sourceTree = "<group>"; };
		954493642B8D7F760094CF32 /* MainView.swift */ = {isa = PBXFileReference; lastKnownFileType = sourcecode.swift; path = MainView.swift; sourceTree = "<group>"; };
		954493662B8D7F770094CF32 /* Assets.xcassets */ = {isa = PBXFileReference; lastKnownFileType = folder.assetcatalog; path = Assets.xcassets; sourceTree = "<group>"; };
		954493692B8D7F770094CF32 /* Preview Assets.xcassets */ = {isa = PBXFileReference; lastKnownFileType = folder.assetcatalog; path = "Preview Assets.xcassets"; sourceTree = "<group>"; };
		954493702B8D7FA50094CF32 /* TodoView.swift */ = {isa = PBXFileReference; lastKnownFileType = sourcecode.swift; path = TodoView.swift; sourceTree = "<group>"; };
		954493722B8D7FB70094CF32 /* DataManager.swift */ = {isa = PBXFileReference; lastKnownFileType = sourcecode.swift; path = DataManager.swift; sourceTree = "<group>"; };
		954493742B8D7FC60094CF32 /* NewTodoView.swift */ = {isa = PBXFileReference; lastKnownFileType = sourcecode.swift; path = NewTodoView.swift; sourceTree = "<group>"; };
		954493762B8D7FD80094CF32 /* NewCategorieView.swift */ = {isa = PBXFileReference; lastKnownFileType = sourcecode.swift; path = NewCategorieView.swift; sourceTree = "<group>"; };
		954493782B8D7FE80094CF32 /* Extensions.swift */ = {isa = PBXFileReference; lastKnownFileType = sourcecode.swift; path = Extensions.swift; sourceTree = "<group>"; };
		9544937A2B8D7FF90094CF32 /* EditTodoView.swift */ = {isa = PBXFileReference; lastKnownFileType = sourcecode.swift; path = EditTodoView.swift; sourceTree = "<group>"; };
		9544937D2B8D80350094CF32 /* Model.xcdatamodel */ = {isa = PBXFileReference; lastKnownFileType = wrapper.xcdatamodel; path = Model.xcdatamodel; sourceTree = "<group>"; };
		9544937F2B8D81760094CF32 /* README.md */ = {isa = PBXFileReference; lastKnownFileType = net.daringfireball.markdown; path = README.md; sourceTree = "<group>"; };
/* End PBXFileReference section */

/* Begin PBXFrameworksBuildPhase section */
		9544935C2B8D7F760094CF32 /* Frameworks */ = {
			isa = PBXFrameworksBuildPhase;
			buildActionMask = 2147483647;
			files = (
			);
			runOnlyForDeploymentPostprocessing = 0;
		};
/* End PBXFrameworksBuildPhase section */

/* Begin PBXGroup section */
		951AA6B02B8E13C9007CFFB4 /* Views */ = {
			isa = PBXGroup;
			children = (
				954493702B8D7FA50094CF32 /* TodoView.swift */,
				954493762B8D7FD80094CF32 /* NewCategorieView.swift */,
				954493742B8D7FC60094CF32 /* NewTodoView.swift */,
				9544937A2B8D7FF90094CF32 /* EditTodoView.swift */,
				954493642B8D7F760094CF32 /* MainView.swift */,
			);
			path = Views;
			sourceTree = "<group>";
		};
		954493562B8D7F760094CF32 = {
			isa = PBXGroup;
			children = (
				9544937F2B8D81760094CF32 /* README.md */,
				954493612B8D7F760094CF32 /* TodoTrackr */,
				954493602B8D7F760094CF32 /* Products */,
			);
			sourceTree = "<group>";
		};
		954493602B8D7F760094CF32 /* Products */ = {
			isa = PBXGroup;
			children = (
				9544935F2B8D7F760094CF32 /* TodoTrackr.app */,
			);
			name = Products;
			sourceTree = "<group>";
		};
		954493612B8D7F760094CF32 /* TodoTrackr */ = {
			isa = PBXGroup;
			children = (
				951AA6B02B8E13C9007CFFB4 /* Views */,
				9544937C2B8D80350094CF32 /* Model.xcdatamodeld */,
				954493782B8D7FE80094CF32 /* Extensions.swift */,
				954493722B8D7FB70094CF32 /* DataManager.swift */,
				954493622B8D7F760094CF32 /* TodoTrackrApp.swift */,
				954493662B8D7F770094CF32 /* Assets.xcassets */,
				954493682B8D7F770094CF32 /* Preview Content */,
			);
			path = TodoTrackr;
			sourceTree = "<group>";
		};
		954493682B8D7F770094CF32 /* Preview Content */ = {
			isa = PBXGroup;
			children = (
				954493692B8D7F770094CF32 /* Preview Assets.xcassets */,
			);
			path = "Preview Content";
			sourceTree = "<group>";
		};
/* End PBXGroup section */

/* Begin PBXNativeTarget section */
		9544935E2B8D7F760094CF32 /* TodoTrackr */ = {
			isa = PBXNativeTarget;
			buildConfigurationList = 9544936D2B8D7F770094CF32 /* Build configuration list for PBXNativeTarget "TodoTrackr" */;
			buildPhases = (
				9544935B2B8D7F760094CF32 /* Sources */,
				9544935C2B8D7F760094CF32 /* Frameworks */,
				9544935D2B8D7F760094CF32 /* Resources */,
			);
			buildRules = (
			);
			dependencies = (
			);
			name = TodoTrackr;
			productName = TodoTrackr;
			productReference = 9544935F2B8D7F760094CF32 /* TodoTrackr.app */;
			productType = "com.apple.product-type.application";
		};
/* End PBXNativeTarget section */

/* Begin PBXProject section */
		954493572B8D7F760094CF32 /* Project object */ = {
			isa = PBXProject;
			attributes = {
				BuildIndependentTargetsInParallel = 1;
				LastSwiftUpdateCheck = 1520;
				LastUpgradeCheck = 1520;
				TargetAttributes = {
					9544935E2B8D7F760094CF32 = {
						CreatedOnToolsVersion = 15.2;
					};
				};
			};
			buildConfigurationList = 9544935A2B8D7F760094CF32 /* Build configuration list for PBXProject "TodoTrackr" */;
			compatibilityVersion = "Xcode 14.0";
			developmentRegion = en;
			hasScannedForEncodings = 0;
			knownRegions = (
				en,
				Base,
			);
			mainGroup = 954493562B8D7F760094CF32;
			productRefGroup = 954493602B8D7F760094CF32 /* Products */;
			projectDirPath = "";
			projectRoot = "";
			targets = (
				9544935E2B8D7F760094CF32 /* TodoTrackr */,
			);
		};
/* End PBXProject section */

/* Begin PBXResourcesBuildPhase section */
		9544935D2B8D7F760094CF32 /* Resources */ = {
			isa = PBXResourcesBuildPhase;
			buildActionMask = 2147483647;
			files = (
				954493802B8D81760094CF32 /* README.md in Resources */,
				9544936A2B8D7F770094CF32 /* Preview Assets.xcassets in Resources */,
				954493672B8D7F770094CF32 /* Assets.xcassets in Resources */,
			);
			runOnlyForDeploymentPostprocessing = 0;
		};
/* End PBXResourcesBuildPhase section */

/* Begin PBXSourcesBuildPhase section */
		9544935B2B8D7F760094CF32 /* Sources */ = {
			isa = PBXSourcesBuildPhase;
			buildActionMask = 2147483647;
			files = (
				954493712B8D7FA50094CF32 /* TodoView.swift in Sources */,
				954493732B8D7FB70094CF32 /* DataManager.swift in Sources */,
				954493652B8D7F760094CF32 /* MainView.swift in Sources */,
				954493632B8D7F760094CF32 /* TodoTrackrApp.swift in Sources */,
				954493772B8D7FD80094CF32 /* NewCategorieView.swift in Sources */,
				9544937E2B8D80350094CF32 /* Model.xcdatamodeld in Sources */,
				9544937B2B8D7FF90094CF32 /* EditTodoView.swift in Sources */,
				954493752B8D7FC60094CF32 /* NewTodoView.swift in Sources */,
				954493792B8D7FE80094CF32 /* Extensions.swift in Sources */,
			);
			runOnlyForDeploymentPostprocessing = 0;
		};
/* End PBXSourcesBuildPhase section */

/* Begin XCBuildConfiguration section */
		9544936B2B8D7F770094CF32 /* Debug */ = {
			isa = XCBuildConfiguration;
			buildSettings = {
				ALWAYS_SEARCH_USER_PATHS = NO;
				ASSETCATALOG_COMPILER_GENERATE_SWIFT_ASSET_SYMBOL_EXTENSIONS = YES;
				CLANG_ANALYZER_NONNULL = YES;
				CLANG_ANALYZER_NUMBER_OBJECT_CONVERSION = YES_AGGRESSIVE;
				CLANG_CXX_LANGUAGE_STANDARD = "gnu++20";
				CLANG_ENABLE_MODULES = YES;
				CLANG_ENABLE_OBJC_ARC = YES;
				CLANG_ENABLE_OBJC_WEAK = YES;
				CLANG_WARN_BLOCK_CAPTURE_AUTORELEASING = YES;
				CLANG_WARN_BOOL_CONVERSION = YES;
				CLANG_WARN_COMMA = YES;
				CLANG_WARN_CONSTANT_CONVERSION = YES;
				CLANG_WARN_DEPRECATED_OBJC_IMPLEMENTATIONS = YES;
				CLANG_WARN_DIRECT_OBJC_ISA_USAGE = YES_ERROR;
				CLANG_WARN_DOCUMENTATION_COMMENTS = YES;
				CLANG_WARN_EMPTY_BODY = YES;
				CLANG_WARN_ENUM_CONVERSION = YES;
				CLANG_WARN_INFINITE_RECURSION = YES;
				CLANG_WARN_INT_CONVERSION = YES;
				CLANG_WARN_NON_LITERAL_NULL_CONVERSION = YES;
				CLANG_WARN_OBJC_IMPLICIT_RETAIN_SELF = YES;
				CLANG_WARN_OBJC_LITERAL_CONVERSION = YES;
				CLANG_WARN_OBJC_ROOT_CLASS = YES_ERROR;
				CLANG_WARN_QUOTED_INCLUDE_IN_FRAMEWORK_HEADER = YES;
				CLANG_WARN_RANGE_LOOP_ANALYSIS = YES;
				CLANG_WARN_STRICT_PROTOTYPES = YES;
				CLANG_WARN_SUSPICIOUS_MOVE = YES;
				CLANG_WARN_UNGUARDED_AVAILABILITY = YES_AGGRESSIVE;
				CLANG_WARN_UNREACHABLE_CODE = YES;
				CLANG_WARN__DUPLICATE_METHOD_MATCH = YES;
				COPY_PHASE_STRIP = NO;
				DEBUG_INFORMATION_FORMAT = dwarf;
				ENABLE_STRICT_OBJC_MSGSEND = YES;
				ENABLE_TESTABILITY = YES;
				ENABLE_USER_SCRIPT_SANDBOXING = YES;
				GCC_C_LANGUAGE_STANDARD = gnu17;
				GCC_DYNAMIC_NO_PIC = NO;
				GCC_NO_COMMON_BLOCKS = YES;
				GCC_OPTIMIZATION_LEVEL = 0;
				GCC_PREPROCESSOR_DEFINITIONS = (
					"DEBUG=1",
					"$(inherited)",
				);
				GCC_WARN_64_TO_32_BIT_CONVERSION = YES;
				GCC_WARN_ABOUT_RETURN_TYPE = YES_ERROR;
				GCC_WARN_UNDECLARED_SELECTOR = YES;
				GCC_WARN_UNINITIALIZED_AUTOS = YES_AGGRESSIVE;
				GCC_WARN_UNUSED_FUNCTION = YES;
				GCC_WARN_UNUSED_VARIABLE = YES;
				IPHONEOS_DEPLOYMENT_TARGET = 17.2;
				LOCALIZATION_PREFERS_STRING_CATALOGS = YES;
				MTL_ENABLE_DEBUG_INFO = INCLUDE_SOURCE;
				MTL_FAST_MATH = YES;
				ONLY_ACTIVE_ARCH = YES;
				SDKROOT = iphoneos;
				SWIFT_ACTIVE_COMPILATION_CONDITIONS = "DEBUG $(inherited)";
				SWIFT_OPTIMIZATION_LEVEL = "-Onone";
			};
			name = Debug;
		};
		9544936C2B8D7F770094CF32 /* Release */ = {
			isa = XCBuildConfiguration;
			buildSettings = {
				ALWAYS_SEARCH_USER_PATHS = NO;
				ASSETCATALOG_COMPILER_GENERATE_SWIFT_ASSET_SYMBOL_EXTENSIONS = YES;
				CLANG_ANALYZER_NONNULL = YES;
				CLANG_ANALYZER_NUMBER_OBJECT_CONVERSION = YES_AGGRESSIVE;
				CLANG_CXX_LANGUAGE_STANDARD = "gnu++20";
				CLANG_ENABLE_MODULES = YES;
				CLANG_ENABLE_OBJC_ARC = YES;
				CLANG_ENABLE_OBJC_WEAK = YES;
				CLANG_WARN_BLOCK_CAPTURE_AUTORELEASING = YES;
				CLANG_WARN_BOOL_CONVERSION = YES;
				CLANG_WARN_COMMA = YES;
				CLANG_WARN_CONSTANT_CONVERSION = YES;
				CLANG_WARN_DEPRECATED_OBJC_IMPLEMENTATIONS = YES;
				CLANG_WARN_DIRECT_OBJC_ISA_USAGE = YES_ERROR;
				CLANG_WARN_DOCUMENTATION_COMMENTS = YES;
				CLANG_WARN_EMPTY_BODY = YES;
				CLANG_WARN_ENUM_CONVERSION = YES;
				CLANG_WARN_INFINITE_RECURSION = YES;
				CLANG_WARN_INT_CONVERSION = YES;
				CLANG_WARN_NON_LITERAL_NULL_CONVERSION = YES;
				CLANG_WARN_OBJC_IMPLICIT_RETAIN_SELF = YES;
				CLANG_WARN_OBJC_LITERAL_CONVERSION = YES;
				CLANG_WARN_OBJC_ROOT_CLASS = YES_ERROR;
				CLANG_WARN_QUOTED_INCLUDE_IN_FRAMEWORK_HEADER = YES;
				CLANG_WARN_RANGE_LOOP_ANALYSIS = YES;
				CLANG_WARN_STRICT_PROTOTYPES = YES;
				CLANG_WARN_SUSPICIOUS_MOVE = YES;
				CLANG_WARN_UNGUARDED_AVAILABILITY = YES_AGGRESSIVE;
				CLANG_WARN_UNREACHABLE_CODE = YES;
				CLANG_WARN__DUPLICATE_METHOD_MATCH = YES;
				COPY_PHASE_STRIP = NO;
				DEBUG_INFORMATION_FORMAT = "dwarf-with-dsym";
				ENABLE_NS_ASSERTIONS = NO;
				ENABLE_STRICT_OBJC_MSGSEND = YES;
				ENABLE_USER_SCRIPT_SANDBOXING = YES;
				GCC_C_LANGUAGE_STANDARD = gnu17;
				GCC_NO_COMMON_BLOCKS = YES;
				GCC_WARN_64_TO_32_BIT_CONVERSION = YES;
				GCC_WARN_ABOUT_RETURN_TYPE = YES_ERROR;
				GCC_WARN_UNDECLARED_SELECTOR = YES;
				GCC_WARN_UNINITIALIZED_AUTOS = YES_AGGRESSIVE;
				GCC_WARN_UNUSED_FUNCTION = YES;
				GCC_WARN_UNUSED_VARIABLE = YES;
				IPHONEOS_DEPLOYMENT_TARGET = 17.2;
				LOCALIZATION_PREFERS_STRING_CATALOGS = YES;
				MTL_ENABLE_DEBUG_INFO = NO;
				MTL_FAST_MATH = YES;
				SDKROOT = iphoneos;
				SWIFT_COMPILATION_MODE = wholemodule;
				VALIDATE_PRODUCT = YES;
			};
			name = Release;
		};
		9544936E2B8D7F770094CF32 /* Debug */ = {
			isa = XCBuildConfiguration;
			buildSettings = {
				ASSETCATALOG_COMPILER_APPICON_NAME = AppIcon;
				ASSETCATALOG_COMPILER_GLOBAL_ACCENT_COLOR_NAME = AccentColor;
				CODE_SIGN_STYLE = Automatic;
				CURRENT_PROJECT_VERSION = 1;
				DEVELOPMENT_ASSET_PATHS = "\"TodoTrackr/Preview Content\"";
				DEVELOPMENT_TEAM = SJJ26F8CM7;
				ENABLE_PREVIEWS = YES;
				GENERATE_INFOPLIST_FILE = YES;
				INFOPLIST_KEY_UIApplicationSceneManifest_Generation = YES;
				INFOPLIST_KEY_UIApplicationSupportsIndirectInputEvents = YES;
				INFOPLIST_KEY_UILaunchScreen_Generation = YES;
				INFOPLIST_KEY_UISupportedInterfaceOrientations_iPad = "UIInterfaceOrientationPortrait UIInterfaceOrientationPortraitUpsideDown UIInterfaceOrientationLandscapeLeft UIInterfaceOrientationLandscapeRight";
				INFOPLIST_KEY_UISupportedInterfaceOrientations_iPhone = "UIInterfaceOrientationPortrait UIInterfaceOrientationLandscapeLeft UIInterfaceOrientationLandscapeRight";
				IPHONEOS_DEPLOYMENT_TARGET = 16.1;
				LD_RUNPATH_SEARCH_PATHS = (
					"$(inherited)",
					"@executable_path/Frameworks",
				);
				MARKETING_VERSION = 1.0;
				PRODUCT_BUNDLE_IDENTIFIER = gui.TodoTrackr;
				PRODUCT_NAME = "$(TARGET_NAME)";
				SWIFT_EMIT_LOC_STRINGS = YES;
				SWIFT_VERSION = 5.0;
				TARGETED_DEVICE_FAMILY = "1,2";
			};
			name = Debug;
		};
		9544936F2B8D7F770094CF32 /* Release */ = {
			isa = XCBuildConfiguration;
			buildSettings = {
				ASSETCATALOG_COMPILER_APPICON_NAME = AppIcon;
				ASSETCATALOG_COMPILER_GLOBAL_ACCENT_COLOR_NAME = AccentColor;
				CODE_SIGN_STYLE = Automatic;
				CURRENT_PROJECT_VERSION = 1;
				DEVELOPMENT_ASSET_PATHS = "\"TodoTrackr/Preview Content\"";
				DEVELOPMENT_TEAM = SJJ26F8CM7;
				ENABLE_PREVIEWS = YES;
				GENERATE_INFOPLIST_FILE = YES;
				INFOPLIST_KEY_UIApplicationSceneManifest_Generation = YES;
				INFOPLIST_KEY_UIApplicationSupportsIndirectInputEvents = YES;
				INFOPLIST_KEY_UILaunchScreen_Generation = YES;
				INFOPLIST_KEY_UISupportedInterfaceOrientations_iPad = "UIInterfaceOrientationPortrait UIInterfaceOrientationPortraitUpsideDown UIInterfaceOrientationLandscapeLeft UIInterfaceOrientationLandscapeRight";
				INFOPLIST_KEY_UISupportedInterfaceOrientations_iPhone = "UIInterfaceOrientationPortrait UIInterfaceOrientationLandscapeLeft UIInterfaceOrientationLandscapeRight";
				IPHONEOS_DEPLOYMENT_TARGET = 16.1;
				LD_RUNPATH_SEARCH_PATHS = (
					"$(inherited)",
					"@executable_path/Frameworks",
				);
				MARKETING_VERSION = 1.0;
				PRODUCT_BUNDLE_IDENTIFIER = gui.TodoTrackr;
				PRODUCT_NAME = "$(TARGET_NAME)";
				SWIFT_EMIT_LOC_STRINGS = YES;
				SWIFT_VERSION = 5.0;
				TARGETED_DEVICE_FAMILY = "1,2";
			};
			name = Release;
		};
/* End XCBuildConfiguration section */

/* Begin XCConfigurationList section */
		9544935A2B8D7F760094CF32 /* Build configuration list for PBXProject "TodoTrackr" */ = {
			isa = XCConfigurationList;
			buildConfigurations = (
				9544936B2B8D7F770094CF32 /* Debug */,
				9544936C2B8D7F770094CF32 /* Release */,
			);
			defaultConfigurationIsVisible = 0;
			defaultConfigurationName = Release;
		};
		9544936D2B8D7F770094CF32 /* Build configuration list for PBXNativeTarget "TodoTrackr" */ = {
			isa = XCConfigurationList;
			buildConfigurations = (
				9544936E2B8D7F770094CF32 /* Debug */,
				9544936F2B8D7F770094CF32 /* Release */,
			);
			defaultConfigurationIsVisible = 0;
			defaultConfigurationName = Release;
		};
/* End XCConfigurationList section */

/* Begin XCVersionGroup section */
		9544937C2B8D80350094CF32 /* Model.xcdatamodeld */ = {
			isa = XCVersionGroup;
			children = (
				9544937D2B8D80350094CF32 /* Model.xcdatamodel */,
			);
			currentVersion = 9544937D2B8D80350094CF32 /* Model.xcdatamodel */;
			path = Model.xcdatamodeld;
			sourceTree = "<group>";
			versionGroupType = wrapper.xcdatamodel;
		};
/* End XCVersionGroup section */
	};
	rootObject = 954493572B8D7F760094CF32 /* Project object */;
}
